// !$*UTF8*$!
{
	archiveVersion = 1;
	classes = {
	};
	objectVersion = 50;
	objects = {

/* Begin PBXBuildFile section */
		84D48AC928BDF690006C7566 /* AppDelegate.swift in Sources */ = {isa = PBXBuildFile; fileRef = 84D48AC828BDF690006C7566 /* AppDelegate.swift */; };
		84D48ACB28BDF690006C7566 /* SceneDelegate.swift in Sources */ = {isa = PBXBuildFile; fileRef = 84D48ACA28BDF690006C7566 /* SceneDelegate.swift */; };
		84D48AD028BDF690006C7566 /* Main.storyboard in Resources */ = {isa = PBXBuildFile; fileRef = 84D48ACE28BDF690006C7566 /* Main.storyboard */; };
		84D48AD228BDF69D006C7566 /* Assets.xcassets in Resources */ = {isa = PBXBuildFile; fileRef = 84D48AD128BDF69D006C7566 /* Assets.xcassets */; };
		84D48AD528BDF69D006C7566 /* LaunchScreen.storyboard in Resources */ = {isa = PBXBuildFile; fileRef = 84D48AD328BDF69D006C7566 /* LaunchScreen.storyboard */; };
		84D48ADF28BE16AB006C7566 /* ConstanFile.swift in Sources */ = {isa = PBXBuildFile; fileRef = 84D48ADE28BE16AA006C7566 /* ConstanFile.swift */; };
		84D48AE328BE1957006C7566 /* CountryModel.swift in Sources */ = {isa = PBXBuildFile; fileRef = 84D48AE228BE1957006C7566 /* CountryModel.swift */; };
		84D48AE628BE2C7C006C7566 /* Weather.swift in Sources */ = {isa = PBXBuildFile; fileRef = 84D48AE528BE2C7C006C7566 /* Weather.swift */; };
		84D48AEF28BE314C006C7566 /* CountryPresenter.swift in Sources */ = {isa = PBXBuildFile; fileRef = 84D48AE928BE314C006C7566 /* CountryPresenter.swift */; };
		84D48AF028BE314C006C7566 /* CountryWorker.swift in Sources */ = {isa = PBXBuildFile; fileRef = 84D48AEA28BE314C006C7566 /* CountryWorker.swift */; };
		84D48AF128BE314C006C7566 /* CountryRouter.swift in Sources */ = {isa = PBXBuildFile; fileRef = 84D48AEB28BE314C006C7566 /* CountryRouter.swift */; };
		84D48AF228BE314C006C7566 /* CountryModels.swift in Sources */ = {isa = PBXBuildFile; fileRef = 84D48AEC28BE314C006C7566 /* CountryModels.swift */; };
		84D48AF328BE314C006C7566 /* CountryViewController.swift in Sources */ = {isa = PBXBuildFile; fileRef = 84D48AED28BE314C006C7566 /* CountryViewController.swift */; };
		84D48AF428BE314C006C7566 /* CountryInteractor.swift in Sources */ = {isa = PBXBuildFile; fileRef = 84D48AEE28BE314C006C7566 /* CountryInteractor.swift */; };
		84D48AF928BE4752006C7566 /* CountriesTableViewCell.swift in Sources */ = {isa = PBXBuildFile; fileRef = 84D48AF828BE4752006C7566 /* CountriesTableViewCell.swift */; };
		84D48B0228BF388A006C7566 /* CurrentWeatherPresenter.swift in Sources */ = {isa = PBXBuildFile; fileRef = 84D48AFC28BF388A006C7566 /* CurrentWeatherPresenter.swift */; };
		84D48B0328BF388A006C7566 /* CurrentWeatherWorker.swift in Sources */ = {isa = PBXBuildFile; fileRef = 84D48AFD28BF388A006C7566 /* CurrentWeatherWorker.swift */; };
		84D48B0428BF388A006C7566 /* CurrentWeatherRouter.swift in Sources */ = {isa = PBXBuildFile; fileRef = 84D48AFE28BF388A006C7566 /* CurrentWeatherRouter.swift */; };
		84D48B0528BF388A006C7566 /* CurrentWeatherModels.swift in Sources */ = {isa = PBXBuildFile; fileRef = 84D48AFF28BF388A006C7566 /* CurrentWeatherModels.swift */; };
		84D48B0628BF388A006C7566 /* CurrentWeatherViewController.swift in Sources */ = {isa = PBXBuildFile; fileRef = 84D48B0028BF388A006C7566 /* CurrentWeatherViewController.swift */; };
		84D48B0728BF388A006C7566 /* CurrentWeatherInteractor.swift in Sources */ = {isa = PBXBuildFile; fileRef = 84D48B0128BF388A006C7566 /* CurrentWeatherInteractor.swift */; };
		84D48B0B28BF393B006C7566 /* APIManegerWoker.swift in Sources */ = {isa = PBXBuildFile; fileRef = 84D48B0A28BF393B006C7566 /* APIManegerWoker.swift */; };
		84D48B1028BF5806006C7566 /* WeatherViewModel.swift in Sources */ = {isa = PBXBuildFile; fileRef = 84D48B0F28BF5805006C7566 /* WeatherViewModel.swift */; };
		84D48B1428BF5AA2006C7566 /* Extension.swift in Sources */ = {isa = PBXBuildFile; fileRef = 84D48B1328BF5AA2006C7566 /* Extension.swift */; };
		84D48B1928BF7993006C7566 /* WetherTableViewCell.swift in Sources */ = {isa = PBXBuildFile; fileRef = 84D48B1828BF7993006C7566 /* WetherTableViewCell.swift */; };
		84D48B1E28BF7D02006C7566 /* WeatherDetailsCollectionViewCell.swift in Sources */ = {isa = PBXBuildFile; fileRef = 84D48B1D28BF7D02006C7566 /* WeatherDetailsCollectionViewCell.swift */; };
		84D48B2628BF7DA0006C7566 /* WeatherDetailsPresenter.swift in Sources */ = {isa = PBXBuildFile; fileRef = 84D48B2028BF7DA0006C7566 /* WeatherDetailsPresenter.swift */; };
		84D48B2728BF7DA0006C7566 /* WeatherDetailsWorker.swift in Sources */ = {isa = PBXBuildFile; fileRef = 84D48B2128BF7DA0006C7566 /* WeatherDetailsWorker.swift */; };
		84D48B2828BF7DA0006C7566 /* WeatherDetailsRouter.swift in Sources */ = {isa = PBXBuildFile; fileRef = 84D48B2228BF7DA0006C7566 /* WeatherDetailsRouter.swift */; };
		84D48B2928BF7DA0006C7566 /* WeatherDetailsModels.swift in Sources */ = {isa = PBXBuildFile; fileRef = 84D48B2328BF7DA0006C7566 /* WeatherDetailsModels.swift */; };
		84D48B2A28BF7DA0006C7566 /* WeatherDetailsViewController.swift in Sources */ = {isa = PBXBuildFile; fileRef = 84D48B2428BF7DA0006C7566 /* WeatherDetailsViewController.swift */; };
		84D48B2B28BF7DA0006C7566 /* WeatherDetailsInteractor.swift in Sources */ = {isa = PBXBuildFile; fileRef = 84D48B2528BF7DA0006C7566 /* WeatherDetailsInteractor.swift */; };
		84D48B2E28BF94A2006C7566 /* LongTermWeatherForecast.swift in Sources */ = {isa = PBXBuildFile; fileRef = 84D48B2D28BF949F006C7566 /* LongTermWeatherForecast.swift */; };
		84D48B3128BFA056006C7566 /* ForecastModel.swift in Sources */ = {isa = PBXBuildFile; fileRef = 84D48B3028BFA056006C7566 /* ForecastModel.swift */; };
/* End PBXBuildFile section */

/* Begin PBXFileReference section */
		84D48AC528BDF690006C7566 /* WeatherApp.app */ = {isa = PBXFileReference; explicitFileType = wrapper.application; includeInIndex = 0; path = WeatherApp.app; sourceTree = BUILT_PRODUCTS_DIR; };
		84D48AC828BDF690006C7566 /* AppDelegate.swift */ = {isa = PBXFileReference; lastKnownFileType = sourcecode.swift; path = AppDelegate.swift; sourceTree = "<group>"; };
		84D48ACA28BDF690006C7566 /* SceneDelegate.swift */ = {isa = PBXFileReference; lastKnownFileType = sourcecode.swift; path = SceneDelegate.swift; sourceTree = "<group>"; };
		84D48ACF28BDF690006C7566 /* Base */ = {isa = PBXFileReference; lastKnownFileType = file.storyboard; name = Base; path = Base.lproj/Main.storyboard; sourceTree = "<group>"; };
		84D48AD128BDF69D006C7566 /* Assets.xcassets */ = {isa = PBXFileReference; lastKnownFileType = folder.assetcatalog; path = Assets.xcassets; sourceTree = "<group>"; };
		84D48AD428BDF69D006C7566 /* Base */ = {isa = PBXFileReference; lastKnownFileType = file.storyboard; name = Base; path = Base.lproj/LaunchScreen.storyboard; sourceTree = "<group>"; };
		84D48AD628BDF69D006C7566 /* Info.plist */ = {isa = PBXFileReference; lastKnownFileType = text.plist.xml; path = Info.plist; sourceTree = "<group>"; };
		84D48ADE28BE16AA006C7566 /* ConstanFile.swift */ = {isa = PBXFileReference; lastKnownFileType = sourcecode.swift; path = ConstanFile.swift; sourceTree = "<group>"; };
		84D48AE228BE1957006C7566 /* CountryModel.swift */ = {isa = PBXFileReference; lastKnownFileType = sourcecode.swift; path = CountryModel.swift; sourceTree = "<group>"; };
		84D48AE528BE2C7C006C7566 /* Weather.swift */ = {isa = PBXFileReference; lastKnownFileType = sourcecode.swift; path = Weather.swift; sourceTree = "<group>"; };
		84D48AE928BE314C006C7566 /* CountryPresenter.swift */ = {isa = PBXFileReference; lastKnownFileType = sourcecode.swift; path = CountryPresenter.swift; sourceTree = "<group>"; };
		84D48AEA28BE314C006C7566 /* CountryWorker.swift */ = {isa = PBXFileReference; lastKnownFileType = sourcecode.swift; path = CountryWorker.swift; sourceTree = "<group>"; };
		84D48AEB28BE314C006C7566 /* CountryRouter.swift */ = {isa = PBXFileReference; lastKnownFileType = sourcecode.swift; path = CountryRouter.swift; sourceTree = "<group>"; };
		84D48AEC28BE314C006C7566 /* CountryModels.swift */ = {isa = PBXFileReference; lastKnownFileType = sourcecode.swift; path = CountryModels.swift; sourceTree = "<group>"; };
		84D48AED28BE314C006C7566 /* CountryViewController.swift */ = {isa = PBXFileReference; lastKnownFileType = sourcecode.swift; path = CountryViewController.swift; sourceTree = "<group>"; };
		84D48AEE28BE314C006C7566 /* CountryInteractor.swift */ = {isa = PBXFileReference; lastKnownFileType = sourcecode.swift; path = CountryInteractor.swift; sourceTree = "<group>"; };
		84D48AF828BE4752006C7566 /* CountriesTableViewCell.swift */ = {isa = PBXFileReference; lastKnownFileType = sourcecode.swift; path = CountriesTableViewCell.swift; sourceTree = "<group>"; };
		84D48AFC28BF388A006C7566 /* CurrentWeatherPresenter.swift */ = {isa = PBXFileReference; lastKnownFileType = sourcecode.swift; path = CurrentWeatherPresenter.swift; sourceTree = "<group>"; };
		84D48AFD28BF388A006C7566 /* CurrentWeatherWorker.swift */ = {isa = PBXFileReference; lastKnownFileType = sourcecode.swift; path = CurrentWeatherWorker.swift; sourceTree = "<group>"; };
		84D48AFE28BF388A006C7566 /* CurrentWeatherRouter.swift */ = {isa = PBXFileReference; lastKnownFileType = sourcecode.swift; path = CurrentWeatherRouter.swift; sourceTree = "<group>"; };
		84D48AFF28BF388A006C7566 /* CurrentWeatherModels.swift */ = {isa = PBXFileReference; lastKnownFileType = sourcecode.swift; path = CurrentWeatherModels.swift; sourceTree = "<group>"; };
		84D48B0028BF388A006C7566 /* CurrentWeatherViewController.swift */ = {isa = PBXFileReference; lastKnownFileType = sourcecode.swift; path = CurrentWeatherViewController.swift; sourceTree = "<group>"; };
		84D48B0128BF388A006C7566 /* CurrentWeatherInteractor.swift */ = {isa = PBXFileReference; lastKnownFileType = sourcecode.swift; path = CurrentWeatherInteractor.swift; sourceTree = "<group>"; };
		84D48B0A28BF393B006C7566 /* APIManegerWoker.swift */ = {isa = PBXFileReference; lastKnownFileType = sourcecode.swift; path = APIManegerWoker.swift; sourceTree = "<group>"; };
		84D48B0F28BF5805006C7566 /* WeatherViewModel.swift */ = {isa = PBXFileReference; lastKnownFileType = sourcecode.swift; path = WeatherViewModel.swift; sourceTree = "<group>"; };
		84D48B1328BF5AA2006C7566 /* Extension.swift */ = {isa = PBXFileReference; lastKnownFileType = sourcecode.swift; path = Extension.swift; sourceTree = "<group>"; };
		84D48B1828BF7993006C7566 /* WetherTableViewCell.swift */ = {isa = PBXFileReference; lastKnownFileType = sourcecode.swift; path = WetherTableViewCell.swift; sourceTree = "<group>"; };
		84D48B1D28BF7D02006C7566 /* WeatherDetailsCollectionViewCell.swift */ = {isa = PBXFileReference; lastKnownFileType = sourcecode.swift; path = WeatherDetailsCollectionViewCell.swift; sourceTree = "<group>"; };
		84D48B2028BF7DA0006C7566 /* WeatherDetailsPresenter.swift */ = {isa = PBXFileReference; lastKnownFileType = sourcecode.swift; path = WeatherDetailsPresenter.swift; sourceTree = "<group>"; };
		84D48B2128BF7DA0006C7566 /* WeatherDetailsWorker.swift */ = {isa = PBXFileReference; lastKnownFileType = sourcecode.swift; path = WeatherDetailsWorker.swift; sourceTree = "<group>"; };
		84D48B2228BF7DA0006C7566 /* WeatherDetailsRouter.swift */ = {isa = PBXFileReference; lastKnownFileType = sourcecode.swift; path = WeatherDetailsRouter.swift; sourceTree = "<group>"; };
		84D48B2328BF7DA0006C7566 /* WeatherDetailsModels.swift */ = {isa = PBXFileReference; lastKnownFileType = sourcecode.swift; path = WeatherDetailsModels.swift; sourceTree = "<group>"; };
		84D48B2428BF7DA0006C7566 /* WeatherDetailsViewController.swift */ = {isa = PBXFileReference; lastKnownFileType = sourcecode.swift; path = WeatherDetailsViewController.swift; sourceTree = "<group>"; };
		84D48B2528BF7DA0006C7566 /* WeatherDetailsInteractor.swift */ = {isa = PBXFileReference; lastKnownFileType = sourcecode.swift; path = WeatherDetailsInteractor.swift; sourceTree = "<group>"; };
		84D48B2D28BF949F006C7566 /* LongTermWeatherForecast.swift */ = {isa = PBXFileReference; lastKnownFileType = sourcecode.swift; path = LongTermWeatherForecast.swift; sourceTree = "<group>"; };
		84D48B3028BFA056006C7566 /* ForecastModel.swift */ = {isa = PBXFileReference; lastKnownFileType = sourcecode.swift; path = ForecastModel.swift; sourceTree = "<group>"; };
/* End PBXFileReference section */

/* Begin PBXFrameworksBuildPhase section */
		84D48AC228BDF690006C7566 /* Frameworks */ = {
			isa = PBXFrameworksBuildPhase;
			buildActionMask = 2147483647;
			files = (
			);
			runOnlyForDeploymentPostprocessing = 0;
		};
/* End PBXFrameworksBuildPhase section */

/* Begin PBXGroup section */
		84CEBB182915714F008DB57A /* ViewModels */ = {
			isa = PBXGroup;
			children = (
				84D48B0F28BF5805006C7566 /* WeatherViewModel.swift */,
			);
			path = ViewModels;
			sourceTree = "<group>";
		};
		84D48ABC28BDF690006C7566 = {
			isa = PBXGroup;
			children = (
				84D48AC728BDF690006C7566 /* WeatherApp */,
				84D48AC628BDF690006C7566 /* Products */,
			);
			sourceTree = "<group>";
		};
		84D48AC628BDF690006C7566 /* Products */ = {
			isa = PBXGroup;
			children = (
				84D48AC528BDF690006C7566 /* WeatherApp.app */,
			);
			name = Products;
			sourceTree = "<group>";
		};
		84D48AC728BDF690006C7566 /* WeatherApp */ = {
			isa = PBXGroup;
			children = (
				84D48B1228BF5A8B006C7566 /* Extension */,
				84D48B0928BF390C006C7566 /* Wokers */,
				84D48AF728BE4710006C7566 /* Cells */,
				84D48AE828BE312B006C7566 /* Scenes */,
				84CEBB182915714F008DB57A /* ViewModels */,
				84D48AE128BE18FC006C7566 /* Models */,
				84D48ADD28BE168F006C7566 /* Constants */,
				84D48AC828BDF690006C7566 /* AppDelegate.swift */,
				84D48ACA28BDF690006C7566 /* SceneDelegate.swift */,
				84D48ACE28BDF690006C7566 /* Main.storyboard */,
				84D48AD128BDF69D006C7566 /* Assets.xcassets */,
				84D48AD328BDF69D006C7566 /* LaunchScreen.storyboard */,
				84D48AD628BDF69D006C7566 /* Info.plist */,
			);
			path = WeatherApp;
			sourceTree = "<group>";
		};
		84D48ADD28BE168F006C7566 /* Constants */ = {
			isa = PBXGroup;
			children = (
				84D48ADE28BE16AA006C7566 /* ConstanFile.swift */,
			);
			path = Constants;
			sourceTree = "<group>";
		};
		84D48AE128BE18FC006C7566 /* Models */ = {
			isa = PBXGroup;
			children = (
				84D48AE228BE1957006C7566 /* CountryModel.swift */,
				84D48AE528BE2C7C006C7566 /* Weather.swift */,
				84D48B2D28BF949F006C7566 /* LongTermWeatherForecast.swift */,
				84D48B3028BFA056006C7566 /* ForecastModel.swift */,
			);
			path = Models;
			sourceTree = "<group>";
		};
		84D48AE828BE312B006C7566 /* Scenes */ = {
			isa = PBXGroup;
			children = (
				84D48B1628BF7887006C7566 /* Country */,
				84D48AFB28BF3832006C7566 /* CurrentWeather */,
				84D48B1B28BF79F3006C7566 /* Weather */,
			);
			path = Scenes;
			sourceTree = "<group>";
		};
		84D48AF728BE4710006C7566 /* Cells */ = {
			isa = PBXGroup;
			children = (
				84D48AF828BE4752006C7566 /* CountriesTableViewCell.swift */,
				84D48B1828BF7993006C7566 /* WetherTableViewCell.swift */,
				84D48B1D28BF7D02006C7566 /* WeatherDetailsCollectionViewCell.swift */,
			);
			path = Cells;
			sourceTree = "<group>";
		};
		84D48AFB28BF3832006C7566 /* CurrentWeather */ = {
			isa = PBXGroup;
			children = (
				84D48B0028BF388A006C7566 /* CurrentWeatherViewController.swift */,
				84D48B0128BF388A006C7566 /* CurrentWeatherInteractor.swift */,
				84D48AFC28BF388A006C7566 /* CurrentWeatherPresenter.swift */,
				84D48AFD28BF388A006C7566 /* CurrentWeatherWorker.swift */,
				84D48AFE28BF388A006C7566 /* CurrentWeatherRouter.swift */,
				84D48AFF28BF388A006C7566 /* CurrentWeatherModels.swift */,
			);
			path = CurrentWeather;
			sourceTree = "<group>";
		};
		84D48B0928BF390C006C7566 /* Wokers */ = {
			isa = PBXGroup;
			children = (
				84D48B0A28BF393B006C7566 /* APIManegerWoker.swift */,
			);
			path = Wokers;
			sourceTree = "<group>";
		};
		84D48B1228BF5A8B006C7566 /* Extension */ = {
			isa = PBXGroup;
			children = (
				84D48B1328BF5AA2006C7566 /* Extension.swift */,
			);
			path = Extension;
			sourceTree = "<group>";
		};
		84D48B1628BF7887006C7566 /* Country */ = {
			isa = PBXGroup;
			children = (
				84D48AED28BE314C006C7566 /* CountryViewController.swift */,
				84D48AEE28BE314C006C7566 /* CountryInteractor.swift */,
				84D48AE928BE314C006C7566 /* CountryPresenter.swift */,
				84D48AEA28BE314C006C7566 /* CountryWorker.swift */,
				84D48AEB28BE314C006C7566 /* CountryRouter.swift */,
				84D48AEC28BE314C006C7566 /* CountryModels.swift */,
			);
			path = Country;
			sourceTree = "<group>";
		};
		84D48B1B28BF79F3006C7566 /* Weather */ = {
			isa = PBXGroup;
			children = (
				84D48B2428BF7DA0006C7566 /* WeatherDetailsViewController.swift */,
				84D48B2528BF7DA0006C7566 /* WeatherDetailsInteractor.swift */,
				84D48B2028BF7DA0006C7566 /* WeatherDetailsPresenter.swift */,
				84D48B2128BF7DA0006C7566 /* WeatherDetailsWorker.swift */,
				84D48B2228BF7DA0006C7566 /* WeatherDetailsRouter.swift */,
				84D48B2328BF7DA0006C7566 /* WeatherDetailsModels.swift */,
			);
			path = Weather;
			sourceTree = "<group>";
		};
/* End PBXGroup section */

/* Begin PBXNativeTarget section */
		84D48AC428BDF690006C7566 /* WeatherApp */ = {
			isa = PBXNativeTarget;
			buildConfigurationList = 84D48AD928BDF69D006C7566 /* Build configuration list for PBXNativeTarget "WeatherApp" */;
			buildPhases = (
				84D48AC128BDF690006C7566 /* Sources */,
				84D48AC228BDF690006C7566 /* Frameworks */,
				84D48AC328BDF690006C7566 /* Resources */,
			);
			buildRules = (
			);
			dependencies = (
			);
			name = WeatherApp;
			productName = "MirianMaglakelidze#28";
			productReference = 84D48AC528BDF690006C7566 /* WeatherApp.app */;
			productType = "com.apple.product-type.application";
		};
/* End PBXNativeTarget section */

/* Begin PBXProject section */
		84D48ABD28BDF690006C7566 /* Project object */ = {
			isa = PBXProject;
			attributes = {
				LastSwiftUpdateCheck = 1240;
				LastUpgradeCheck = 1240;
				TargetAttributes = {
					84D48AC428BDF690006C7566 = {
						CreatedOnToolsVersion = 12.4;
					};
				};
			};
			buildConfigurationList = 84D48AC028BDF690006C7566 /* Build configuration list for PBXProject "WeatherApp" */;
			compatibilityVersion = "Xcode 9.3";
			developmentRegion = en;
			hasScannedForEncodings = 0;
			knownRegions = (
				en,
				Base,
			);
			mainGroup = 84D48ABC28BDF690006C7566;
			productRefGroup = 84D48AC628BDF690006C7566 /* Products */;
			projectDirPath = "";
			projectRoot = "";
			targets = (
				84D48AC428BDF690006C7566 /* WeatherApp */,
			);
		};
/* End PBXProject section */

/* Begin PBXResourcesBuildPhase section */
		84D48AC328BDF690006C7566 /* Resources */ = {
			isa = PBXResourcesBuildPhase;
			buildActionMask = 2147483647;
			files = (
				84D48AD528BDF69D006C7566 /* LaunchScreen.storyboard in Resources */,
				84D48AD228BDF69D006C7566 /* Assets.xcassets in Resources */,
				84D48AD028BDF690006C7566 /* Main.storyboard in Resources */,
			);
			runOnlyForDeploymentPostprocessing = 0;
		};
/* End PBXResourcesBuildPhase section */

/* Begin PBXSourcesBuildPhase section */
		84D48AC128BDF690006C7566 /* Sources */ = {
			isa = PBXSourcesBuildPhase;
			buildActionMask = 2147483647;
			files = (
				84D48AF928BE4752006C7566 /* CountriesTableViewCell.swift in Sources */,
				84D48AC928BDF690006C7566 /* AppDelegate.swift in Sources */,
				84D48B2A28BF7DA0006C7566 /* WeatherDetailsViewController.swift in Sources */,
				84D48AF328BE314C006C7566 /* CountryViewController.swift in Sources */,
				84D48ADF28BE16AB006C7566 /* ConstanFile.swift in Sources */,
				84D48AF128BE314C006C7566 /* CountryRouter.swift in Sources */,
				84D48AF428BE314C006C7566 /* CountryInteractor.swift in Sources */,
				84D48AE328BE1957006C7566 /* CountryModel.swift in Sources */,
				84D48B0328BF388A006C7566 /* CurrentWeatherWorker.swift in Sources */,
				84D48B0B28BF393B006C7566 /* APIManegerWoker.swift in Sources */,
				84D48B1028BF5806006C7566 /* WeatherViewModel.swift in Sources */,
				84D48B0428BF388A006C7566 /* CurrentWeatherRouter.swift in Sources */,
				84D48AF028BE314C006C7566 /* CountryWorker.swift in Sources */,
				84D48AEF28BE314C006C7566 /* CountryPresenter.swift in Sources */,
				84D48B0728BF388A006C7566 /* CurrentWeatherInteractor.swift in Sources */,
				84D48B2B28BF7DA0006C7566 /* WeatherDetailsInteractor.swift in Sources */,
				84D48B1428BF5AA2006C7566 /* Extension.swift in Sources */,
				84D48B2628BF7DA0006C7566 /* WeatherDetailsPresenter.swift in Sources */,
				84D48B2828BF7DA0006C7566 /* WeatherDetailsRouter.swift in Sources */,
				84D48B2E28BF94A2006C7566 /* LongTermWeatherForecast.swift in Sources */,
				84D48AE628BE2C7C006C7566 /* Weather.swift in Sources */,
				84D48B3128BFA056006C7566 /* ForecastModel.swift in Sources */,
				84D48B2928BF7DA0006C7566 /* WeatherDetailsModels.swift in Sources */,
				84D48AF228BE314C006C7566 /* CountryModels.swift in Sources */,
				84D48B2728BF7DA0006C7566 /* WeatherDetailsWorker.swift in Sources */,
				84D48B0528BF388A006C7566 /* CurrentWeatherModels.swift in Sources */,
				84D48ACB28BDF690006C7566 /* SceneDelegate.swift in Sources */,
				84D48B0228BF388A006C7566 /* CurrentWeatherPresenter.swift in Sources */,
				84D48B0628BF388A006C7566 /* CurrentWeatherViewController.swift in Sources */,
				84D48B1E28BF7D02006C7566 /* WeatherDetailsCollectionViewCell.swift in Sources */,
				84D48B1928BF7993006C7566 /* WetherTableViewCell.swift in Sources */,
			);
			runOnlyForDeploymentPostprocessing = 0;
		};
/* End PBXSourcesBuildPhase section */

/* Begin PBXVariantGroup section */
		84D48ACE28BDF690006C7566 /* Main.storyboard */ = {
			isa = PBXVariantGroup;
			children = (
				84D48ACF28BDF690006C7566 /* Base */,
			);
			name = Main.storyboard;
			sourceTree = "<group>";
		};
		84D48AD328BDF69D006C7566 /* LaunchScreen.storyboard */ = {
			isa = PBXVariantGroup;
			children = (
				84D48AD428BDF69D006C7566 /* Base */,
			);
			name = LaunchScreen.storyboard;
			sourceTree = "<group>";
		};
/* End PBXVariantGroup section */

/* Begin XCBuildConfiguration section */
		84D48AD728BDF69D006C7566 /* Debug */ = {
			isa = XCBuildConfiguration;
			buildSettings = {
				ALWAYS_SEARCH_USER_PATHS = NO;
				CLANG_ANALYZER_NONNULL = YES;
				CLANG_ANALYZER_NUMBER_OBJECT_CONVERSION = YES_AGGRESSIVE;
				CLANG_CXX_LANGUAGE_STANDARD = "gnu++14";
				CLANG_CXX_LIBRARY = "libc++";
				CLANG_ENABLE_MODULES = YES;
				CLANG_ENABLE_OBJC_ARC = YES;
				CLANG_ENABLE_OBJC_WEAK = YES;
				CLANG_WARN_BLOCK_CAPTURE_AUTORELEASING = YES;
				CLANG_WARN_BOOL_CONVERSION = YES;
				CLANG_WARN_COMMA = YES;
				CLANG_WARN_CONSTANT_CONVERSION = YES;
				CLANG_WARN_DEPRECATED_OBJC_IMPLEMENTATIONS = YES;
				CLANG_WARN_DIRECT_OBJC_ISA_USAGE = YES_ERROR;
				CLANG_WARN_DOCUMENTATION_COMMENTS = YES;
				CLANG_WARN_EMPTY_BODY = YES;
				CLANG_WARN_ENUM_CONVERSION = YES;
				CLANG_WARN_INFINITE_RECURSION = YES;
				CLANG_WARN_INT_CONVERSION = YES;
				CLANG_WARN_NON_LITERAL_NULL_CONVERSION = YES;
				CLANG_WARN_OBJC_IMPLICIT_RETAIN_SELF = YES;
				CLANG_WARN_OBJC_LITERAL_CONVERSION = YES;
				CLANG_WARN_OBJC_ROOT_CLASS = YES_ERROR;
				CLANG_WARN_QUOTED_INCLUDE_IN_FRAMEWORK_HEADER = YES;
				CLANG_WARN_RANGE_LOOP_ANALYSIS = YES;
				CLANG_WARN_STRICT_PROTOTYPES = YES;
				CLANG_WARN_SUSPICIOUS_MOVE = YES;
				CLANG_WARN_UNGUARDED_AVAILABILITY = YES_AGGRESSIVE;
				CLANG_WARN_UNREACHABLE_CODE = YES;
				CLANG_WARN__DUPLICATE_METHOD_MATCH = YES;
				COPY_PHASE_STRIP = NO;
				DEBUG_INFORMATION_FORMAT = dwarf;
				ENABLE_STRICT_OBJC_MSGSEND = YES;
				ENABLE_TESTABILITY = YES;
				GCC_C_LANGUAGE_STANDARD = gnu11;
				GCC_DYNAMIC_NO_PIC = NO;
				GCC_NO_COMMON_BLOCKS = YES;
				GCC_OPTIMIZATION_LEVEL = 0;
				GCC_PREPROCESSOR_DEFINITIONS = (
					"DEBUG=1",
					"$(inherited)",
				);
				GCC_WARN_64_TO_32_BIT_CONVERSION = YES;
				GCC_WARN_ABOUT_RETURN_TYPE = YES_ERROR;
				GCC_WARN_UNDECLARED_SELECTOR = YES;
				GCC_WARN_UNINITIALIZED_AUTOS = YES_AGGRESSIVE;
				GCC_WARN_UNUSED_FUNCTION = YES;
				GCC_WARN_UNUSED_VARIABLE = YES;
				IPHONEOS_DEPLOYMENT_TARGET = 14.4;
				MTL_ENABLE_DEBUG_INFO = INCLUDE_SOURCE;
				MTL_FAST_MATH = YES;
				ONLY_ACTIVE_ARCH = YES;
				SDKROOT = iphoneos;
				SWIFT_ACTIVE_COMPILATION_CONDITIONS = DEBUG;
				SWIFT_OPTIMIZATION_LEVEL = "-Onone";
			};
			name = Debug;
		};
		84D48AD828BDF69D006C7566 /* Release */ = {
			isa = XCBuildConfiguration;
			buildSettings = {
				ALWAYS_SEARCH_USER_PATHS = NO;
				CLANG_ANALYZER_NONNULL = YES;
				CLANG_ANALYZER_NUMBER_OBJECT_CONVERSION = YES_AGGRESSIVE;
				CLANG_CXX_LANGUAGE_STANDARD = "gnu++14";
				CLANG_CXX_LIBRARY = "libc++";
				CLANG_ENABLE_MODULES = YES;
				CLANG_ENABLE_OBJC_ARC = YES;
				CLANG_ENABLE_OBJC_WEAK = YES;
				CLANG_WARN_BLOCK_CAPTURE_AUTORELEASING = YES;
				CLANG_WARN_BOOL_CONVERSION = YES;
				CLANG_WARN_COMMA = YES;
				CLANG_WARN_CONSTANT_CONVERSION = YES;
				CLANG_WARN_DEPRECATED_OBJC_IMPLEMENTATIONS = YES;
				CLANG_WARN_DIRECT_OBJC_ISA_USAGE = YES_ERROR;
				CLANG_WARN_DOCUMENTATION_COMMENTS = YES;
				CLANG_WARN_EMPTY_BODY = YES;
				CLANG_WARN_ENUM_CONVERSION = YES;
				CLANG_WARN_INFINITE_RECURSION = YES;
				CLANG_WARN_INT_CONVERSION = YES;
				CLANG_WARN_NON_LITERAL_NULL_CONVERSION = YES;
				CLANG_WARN_OBJC_IMPLICIT_RETAIN_SELF = YES;
				CLANG_WARN_OBJC_LITERAL_CONVERSION = YES;
				CLANG_WARN_OBJC_ROOT_CLASS = YES_ERROR;
				CLANG_WARN_QUOTED_INCLUDE_IN_FRAMEWORK_HEADER = YES;
				CLANG_WARN_RANGE_LOOP_ANALYSIS = YES;
				CLANG_WARN_STRICT_PROTOTYPES = YES;
				CLANG_WARN_SUSPICIOUS_MOVE = YES;
				CLANG_WARN_UNGUARDED_AVAILABILITY = YES_AGGRESSIVE;
				CLANG_WARN_UNREACHABLE_CODE = YES;
				CLANG_WARN__DUPLICATE_METHOD_MATCH = YES;
				COPY_PHASE_STRIP = NO;
				DEBUG_INFORMATION_FORMAT = "dwarf-with-dsym";
				ENABLE_NS_ASSERTIONS = NO;
				ENABLE_STRICT_OBJC_MSGSEND = YES;
				GCC_C_LANGUAGE_STANDARD = gnu11;
				GCC_NO_COMMON_BLOCKS = YES;
				GCC_WARN_64_TO_32_BIT_CONVERSION = YES;
				GCC_WARN_ABOUT_RETURN_TYPE = YES_ERROR;
				GCC_WARN_UNDECLARED_SELECTOR = YES;
				GCC_WARN_UNINITIALIZED_AUTOS = YES_AGGRESSIVE;
				GCC_WARN_UNUSED_FUNCTION = YES;
				GCC_WARN_UNUSED_VARIABLE = YES;
				IPHONEOS_DEPLOYMENT_TARGET = 14.4;
				MTL_ENABLE_DEBUG_INFO = NO;
				MTL_FAST_MATH = YES;
				SDKROOT = iphoneos;
				SWIFT_COMPILATION_MODE = wholemodule;
				SWIFT_OPTIMIZATION_LEVEL = "-O";
				VALIDATE_PRODUCT = YES;
			};
			name = Release;
		};
		84D48ADA28BDF69D006C7566 /* Debug */ = {
			isa = XCBuildConfiguration;
			buildSettings = {
				ASSETCATALOG_COMPILER_APPICON_NAME = AppIcon;
				ASSETCATALOG_COMPILER_GLOBAL_ACCENT_COLOR_NAME = AccentColor;
				CODE_SIGN_STYLE = Automatic;
				INFOPLIST_FILE = WeatherApp/Info.plist;
				LD_RUNPATH_SEARCH_PATHS = (
					"$(inherited)",
					"@executable_path/Frameworks",
				);
				PRODUCT_BUNDLE_IDENTIFIER = "Mirian-maglakelidze.WeatherApp";
				PRODUCT_NAME = "$(TARGET_NAME)";
				SWIFT_VERSION = 5.0;
				TARGETED_DEVICE_FAMILY = "1,2";
			};
			name = Debug;
		};
		84D48ADB28BDF69D006C7566 /* Release */ = {
			isa = XCBuildConfiguration;
			buildSettings = {
				ASSETCATALOG_COMPILER_APPICON_NAME = AppIcon;
				ASSETCATALOG_COMPILER_GLOBAL_ACCENT_COLOR_NAME = AccentColor;
				CODE_SIGN_STYLE = Automatic;
				INFOPLIST_FILE = WeatherApp/Info.plist;
				LD_RUNPATH_SEARCH_PATHS = (
					"$(inherited)",
					"@executable_path/Frameworks",
				);
				PRODUCT_BUNDLE_IDENTIFIER = "Mirian-maglakelidze.WeatherApp";
				PRODUCT_NAME = "$(TARGET_NAME)";
				SWIFT_VERSION = 5.0;
				TARGETED_DEVICE_FAMILY = "1,2";
			};
			name = Release;
		};
/* End XCBuildConfiguration section */

/* Begin XCConfigurationList section */
		84D48AC028BDF690006C7566 /* Build configuration list for PBXProject "WeatherApp" */ = {
			isa = XCConfigurationList;
			buildConfigurations = (
				84D48AD728BDF69D006C7566 /* Debug */,
				84D48AD828BDF69D006C7566 /* Release */,
			);
			defaultConfigurationIsVisible = 0;
			defaultConfigurationName = Release;
		};
		84D48AD928BDF69D006C7566 /* Build configuration list for PBXNativeTarget "WeatherApp" */ = {
			isa = XCConfigurationList;
			buildConfigurations = (
				84D48ADA28BDF69D006C7566 /* Debug */,
				84D48ADB28BDF69D006C7566 /* Release */,
			);
			defaultConfigurationIsVisible = 0;
			defaultConfigurationName = Release;
		};
/* End XCConfigurationList section */
	};
	rootObject = 84D48ABD28BDF690006C7566 /* Project object */;
}
